
Microsoft Visual Studio Solution File, Format Version 12.00
# Visual Studio Version 17
VisualStudioVersion = 17.0.32014.148
MinimumVisualStudioVersion = 10.0.40219.1
Project("{1C34F528-0427-41A1-BAD4-D963A3F583FB}") = "QTSchool.Logic", "QTSchool.Logic\QTSchool.Logic.csproj", "{4BA6D589-2D38-4527-BD59-B827DAB0D5F4}"
EndProject
Project("{8A837F12-5AA3-4B33-82CB-B1FF273DA2BB}") = "QTSchool.ConApp", "QTSchool.ConApp\QTSchool.ConApp.csproj", "{BA9F6754-9315-4674-AB53-34CB4BB5F30B}"
EndProject
Project("{579E05A1-1324-402D-9695-BD0334CB8F1F}") = "QTSchool.WebApi", "QTSchool.WebApi\QTSchool.WebApi.csproj", "{A75A5F5C-82CC-447B-A96D-242738B70C55}"
EndProject
Project("{8CBF09C3-2293-47DC-98DD-FB5461432AF5}") = "CommonBase", "CommonBase\CommonBase.csproj", "{5D5C4E63-A490-4AD3-8B36-7CF49A5F5937}"
EndProject
Project("{2150E333-8FDC-42A3-9474-1A3956D46DE8}")="Documents","Documents","{7D1E32D0-6289-41AB-B44D-31F87C0C21A2}"
	ProjectSection(SolutionItems)=preProject
		cmd.md=cmd.md
		CodeGeneration.csv=CodeGeneration.csv
		CodeGenerationCommands.txt=CodeGenerationCommands.txt
		ReadMe.md=ReadMe.md
	EndProjectSection
EndProject
Project("{1A4043A2-D974-4B85-9197-9735D5E9179A}") = "QTSchool.AspMvc", "QTSchool.AspMvc\QTSchool.AspMvc.csproj", "{F32EA400-BBCC-4F3C-8A2B-882A20C9C1E8}"
EndProject
Project("{75E8FAF1-741F-44D6-8D2D-B93F1B61C4F8}") = "QTSchool.Logic.UnitTest", "QTSchool.Logic.UnitTest\QTSchool.Logic.UnitTest.csproj", "{DA2BE746-8EFA-48EB-BE54-F27E3ED868C4}"
EndProject
Project("{F1008E05-647D-4E57-B85C-D64C723ADDB6}") = "TemplateCodeGenerator.Logic", "TemplateCodeGenerator.Logic\TemplateCodeGenerator.Logic.csproj", "{9989F8F7-0521-4FC3-9B5B-3630147D3079}"
EndProject
Project("{0AAFCAD4-85EC-4462-9A8E-5DD96890F350}") = "QTSchool.CodeGenApp", "QTSchool.CodeGenApp\QTSchool.CodeGenApp.csproj", "{E9927C76-769B-4368-8BE5-21628FA1387C}"
EndProject
Project("{525C21E5-2458-41AB-85CF-EC73B8E615AC}") = "TemplateTools.ConApp", "TemplateTools.ConApp\TemplateTools.ConApp.csproj", "{4C5CD833-CD9C-45C1-B0B5-CBC0D26C6A68}"
EndProject
Project("{0E786783-6590-4DE4-8B36-E97880ADE44C}") = "QTSchool.WpfApp", "QTSchool.WpfApp\QTSchool.WpfApp.csproj", "{3E4E7018-4F7E-43EC-A120-8F5888739DD8}"
EndProject
Project("{CDB4237B-3899-4670-AB96-A5D1E2E02680}") = "QTSchool.MvvMApp", "QTSchool.MvvMApp\QTSchool.MvvMApp.csproj", "{68A881A7-01F7-46C6-8164-58DA2B3DF66F}"
EndProject
Global
	GlobalSection(SolutionConfigurationPlatforms) = preSolution
		Debug|Any CPU = Debug|Any CPU
		Release|Any CPU = Release|Any CPU
	EndGlobalSection
	GlobalSection(ProjectConfigurationPlatforms) = postSolution
		{4BA6D589-2D38-4527-BD59-B827DAB0D5F4}.Debug|Any CPU.ActiveCfg = Debug|Any CPU
		{4BA6D589-2D38-4527-BD59-B827DAB0D5F4}.Debug|Any CPU.Build.0 = Debug|Any CPU
		{4BA6D589-2D38-4527-BD59-B827DAB0D5F4}.Release|Any CPU.ActiveCfg = Release|Any CPU
		{4BA6D589-2D38-4527-BD59-B827DAB0D5F4}.Release|Any CPU.Build.0 = Release|Any CPU
		{BA9F6754-9315-4674-AB53-34CB4BB5F30B}.Debug|Any CPU.ActiveCfg = Debug|Any CPU
		{BA9F6754-9315-4674-AB53-34CB4BB5F30B}.Debug|Any CPU.Build.0 = Debug|Any CPU
		{BA9F6754-9315-4674-AB53-34CB4BB5F30B}.Release|Any CPU.ActiveCfg = Release|Any CPU
		{BA9F6754-9315-4674-AB53-34CB4BB5F30B}.Release|Any CPU.Build.0 = Release|Any CPU
		{A75A5F5C-82CC-447B-A96D-242738B70C55}.Debug|Any CPU.ActiveCfg = Debug|Any CPU
		{A75A5F5C-82CC-447B-A96D-242738B70C55}.Debug|Any CPU.Build.0 = Debug|Any CPU
		{A75A5F5C-82CC-447B-A96D-242738B70C55}.Release|Any CPU.ActiveCfg = Release|Any CPU
		{A75A5F5C-82CC-447B-A96D-242738B70C55}.Release|Any CPU.Build.0 = Release|Any CPU
		{5D5C4E63-A490-4AD3-8B36-7CF49A5F5937}.Debug|Any CPU.ActiveCfg = Debug|Any CPU
		{5D5C4E63-A490-4AD3-8B36-7CF49A5F5937}.Debug|Any CPU.Build.0 = Debug|Any CPU
		{5D5C4E63-A490-4AD3-8B36-7CF49A5F5937}.Release|Any CPU.ActiveCfg = Release|Any CPU
		{5D5C4E63-A490-4AD3-8B36-7CF49A5F5937}.Release|Any CPU.Build.0 = Release|Any CPU
		{F32EA400-BBCC-4F3C-8A2B-882A20C9C1E8}.Debug|Any CPU.ActiveCfg = Debug|Any CPU
		{F32EA400-BBCC-4F3C-8A2B-882A20C9C1E8}.Debug|Any CPU.Build.0 = Debug|Any CPU
		{F32EA400-BBCC-4F3C-8A2B-882A20C9C1E8}.Release|Any CPU.ActiveCfg = Release|Any CPU
		{F32EA400-BBCC-4F3C-8A2B-882A20C9C1E8}.Release|Any CPU.Build.0 = Release|Any CPU
		{DA2BE746-8EFA-48EB-BE54-F27E3ED868C4}.Debug|Any CPU.ActiveCfg = Debug|Any CPU
		{DA2BE746-8EFA-48EB-BE54-F27E3ED868C4}.Debug|Any CPU.Build.0 = Debug|Any CPU
		{DA2BE746-8EFA-48EB-BE54-F27E3ED868C4}.Release|Any CPU.ActiveCfg = Release|Any CPU
		{DA2BE746-8EFA-48EB-BE54-F27E3ED868C4}.Release|Any CPU.Build.0 = Release|Any CPU
		{9989F8F7-0521-4FC3-9B5B-3630147D3079}.Debug|Any CPU.ActiveCfg = Debug|Any CPU
		{9989F8F7-0521-4FC3-9B5B-3630147D3079}.Debug|Any CPU.Build.0 = Debug|Any CPU
		{9989F8F7-0521-4FC3-9B5B-3630147D3079}.Release|Any CPU.ActiveCfg = Release|Any CPU
		{9989F8F7-0521-4FC3-9B5B-3630147D3079}.Release|Any CPU.Build.0 = Release|Any CPU
		{E9927C76-769B-4368-8BE5-21628FA1387C}.Debug|Any CPU.ActiveCfg = Debug|Any CPU
		{E9927C76-769B-4368-8BE5-21628FA1387C}.Debug|Any CPU.Build.0 = Debug|Any CPU
		{E9927C76-769B-4368-8BE5-21628FA1387C}.Release|Any CPU.ActiveCfg = Release|Any CPU
		{E9927C76-769B-4368-8BE5-21628FA1387C}.Release|Any CPU.Build.0 = Release|Any CPU
		{4C5CD833-CD9C-45C1-B0B5-CBC0D26C6A68}.Debug|Any CPU.ActiveCfg = Debug|Any CPU
		{4C5CD833-CD9C-45C1-B0B5-CBC0D26C6A68}.Debug|Any CPU.Build.0 = Debug|Any CPU
		{4C5CD833-CD9C-45C1-B0B5-CBC0D26C6A68}.Release|Any CPU.ActiveCfg = Release|Any CPU
		{4C5CD833-CD9C-45C1-B0B5-CBC0D26C6A68}.Release|Any CPU.Build.0 = Release|Any CPU
		{3E4E7018-4F7E-43EC-A120-8F5888739DD8}.Debug|Any CPU.ActiveCfg = Debug|Any CPU
		{3E4E7018-4F7E-43EC-A120-8F5888739DD8}.Debug|Any CPU.Build.0 = Debug|Any CPU
		{3E4E7018-4F7E-43EC-A120-8F5888739DD8}.Release|Any CPU.ActiveCfg = Release|Any CPU
		{3E4E7018-4F7E-43EC-A120-8F5888739DD8}.Release|Any CPU.Build.0 = Release|Any CPU
		{68A881A7-01F7-46C6-8164-58DA2B3DF66F}.Debug|Any CPU.ActiveCfg = Debug|Any CPU
		{68A881A7-01F7-46C6-8164-58DA2B3DF66F}.Debug|Any CPU.Build.0 = Debug|Any CPU
		{68A881A7-01F7-46C6-8164-58DA2B3DF66F}.Release|Any CPU.ActiveCfg = Release|Any CPU
		{68A881A7-01F7-46C6-8164-58DA2B3DF66F}.Release|Any CPU.Build.0 = Release|Any CPU
	EndGlobalSection
	GlobalSection(SolutionProperties) = preSolution
		HideSolutionNode = FALSE
	EndGlobalSection
	GlobalSection(ExtensibilityGlobals) = postSolution
		SolutionGuid = {AF03B1AA-1561-490C-A754-A0BBC20ED76E}
	EndGlobalSection
EndGlobal
